
Microsoft Visual Studio Solution File, Format Version 12.00
# Visual Studio 15
VisualStudioVersion = 15.0.28307.489
MinimumVisualStudioVersion = 10.0.40219.1
Project("{FAE04EC0-301F-11D3-BF4B-00C04F79EFBC}") = "TestManager", "TestManager\TestManager.csproj", "{5E315B7C-E72F-4695-896C-47D90BBBBDFB}"
EndProject
Global
	GlobalSection(SolutionConfigurationPlatforms) = preSolution
		Debug|Any CPU = Debug|Any CPU
		Release|Any CPU = Release|Any CPU
	EndGlobalSection
	GlobalSection(ProjectConfigurationPlatforms) = postSolution
		{5E315B7C-E72F-4695-896C-47D90BBBBDFB}.Debug|Any CPU.ActiveCfg = Debug|Any CPU
		{5E315B7C-E72F-4695-896C-47D90BBBBDFB}.Debug|Any CPU.Build.0 = Debug|Any CPU
		{5E315B7C-E72F-4695-896C-47D90BBBBDFB}.Release|Any CPU.ActiveCfg = Release|Any CPU
		{5E315B7C-E72F-4695-896C-47D90BBBBDFB}.Release|Any CPU.Build.0 = Release|Any CPU
	EndGlobalSection
	GlobalSection(SolutionProperties) = preSolution
		HideSolutionNode = FALSE
	EndGlobalSection
	GlobalSection(ExtensibilityGlobals) = postSolution
		SolutionGuid = {87A79212-F14D-4A28-A82F-E89836D54134}
	EndGlobalSection
EndGlobal
